{
  "name": "app",
  "lockfileVersion": 3,
  "requires": true,
  "packages": {
    "": {
      "dependencies": {
        "@angular/platform-browser-dynamic": "^21.2.5"
      }
    },
    "node_modules/@angular/common": {
      "version": "21.2.5",
      "resolved": "https://registry.npmjs.org/@angular/common/-/common-21.2.5.tgz",
      "integrity": "sha512-MTjCbsHBkF9W12CW9yYiTJdVfZv/qCqBCZ2iqhMpDA5G+ZJiTKP0IDTJVrx2N5iHfiJ1lnK719t/9GXROtEAvg==",
      "license": "MIT",
      "peer": true,
      "dependencies": {
        "tslib": "^2.3.0"
      },
      "engines": {
        "node": "^20.19.0 || ^22.12.0 || >=24.0.0"
      },
      "peerDependencies": {
        "@angular/core": "21.2.5",
        "rxjs": "^6.5.3 || ^7.4.0"
      }
    },
    "node_modules/@angular/compiler": {
      "version": "21.2.5",
      "resolved": "https://registry.npmjs.org/@angular/compiler/-/compiler-21.2.5.tgz",
      "integrity": "sha512-QloEsknGqLvmr+ED7QShDt7SoMY9mipV+gVnwn4hBI5sbl+TOBfYWXIaJMnxseFwSqjXTSCVGckfylIlynNcFg==",
      "license": "MIT",
      "peer": true,
      "dependencies": {
        "tslib": "^2.3.0"
      },
      "engines": {
        "node": "^20.19.0 || ^22.12.0 || >=24.0.0"
      }
    },
    "node_modules/@angular/core": {
      "version": "21.2.5",
      "resolved": "https://registry.npmjs.org/@angular/core/-/core-21.2.5.tgz",
      "integrity": "sha512-JgHU134Adb1wrpyGC9ozcv3hiRAgaFTvJFn1u9OU/AVXyxu4meMmVh2hp5QhAvPnv8XQdKWWIkAY+dbpPE6zKA==",
      "license": "MIT",
      "peer": true,
      "dependencies": {
        "tslib": "^2.3.0"
      },
      "engines": {
        "node": "^20.19.0 || ^22.12.0 || >=24.0.0"
      },
      "peerDependencies": {
        "@angular/compiler": "21.2.5",
        "rxjs": "^6.5.3 || ^7.4.0",
        "zone.js": "~0.15.0 || ~0.16.0"
      },
      "peerDependenciesMeta": {
        "@angular/compiler": {
          "optional": true
        },
        "zone.js": {
          "optional": true
        }
      }
    },
    "node_modules/@angular/platform-browser": {
      "version": "21.2.5",
      "resolved": "https://registry.npmjs.org/@angular/platform-browser/-/platform-browser-21.2.5.tgz",
      "integrity": "sha512-VuuYguxjgyI4XWuoXrKynmuA3FB991pXbkNhxHeCW0yX+7DGOnGLPF1oierd4/X+IvskmN8foBZLfjyg9u4Ffg==",
      "license": "MIT",
      "peer": true,
      "dependencies": {
        "tslib": "^2.3.0"
      },
      "engines": {
        "node": "^20.19.0 || ^22.12.0 || >=24.0.0"
      },
      "peerDependencies": {
        "@angular/animations": "21.2.5",
        "@angular/common": "21.2.5",
        "@angular/core": "21.2.5"
      },
      "peerDependenciesMeta": {
        "@angular/animations": {
          "optional": true
        }
      }
    },
    "node_modules/@angular/platform-browser-dynamic": {
      "version": "21.2.5",
      "resolved": "https://registry.npmjs.org/@angular/platform-browser-dynamic/-/platform-browser-dynamic-21.2.5.tgz",
      "integrity": "sha512-0yDogezPC4OaqkvL/3Pa5mBodOCCUnO4CTOxC+fPy7L+dRhQfVEwtOsN9XkZv5eMGemGeCcNKdchSuYsVkCA2g==",
      "license": "MIT",
      "dependencies": {
        "tslib": "^2.3.0"
      },
      "engines": {
        "node": "^20.19.0 || ^22.12.0 || >=24.0.0"
      },
      "peerDependencies": {
        "@angular/common": "21.2.5",
        "@angular/compiler": "21.2.5",
        "@angular/core": "21.2.5",
        "@angular/platform-browser": "21.2.5"
      }
    },
    "node_modules/rxjs": {
      "version": "7.8.2",
      "resolved": "https://registry.npmjs.org/rxjs/-/rxjs-7.8.2.tgz",
      "integrity": "sha512-dhKf903U/PQZY6boNNtAGdWbG85WAbjT/1xYoZIC7FAY0yWapOBQVsVrDl58W86//e1VpMNBtRV4MaXfdMySFA==",
      "license": "Apache-2.0",
      "peer": true,
      "dependencies": {
        "tslib": "^2.1.0"
      }
    },
    "node_modules/tslib": {
      "version": "2.8.1",
      "resolved": "https://registry.npmjs.org/tslib/-/tslib-2.8.1.tgz",
      "integrity": "sha512-oJFu94HQb+KVduSUQL7wnpmqnfmLsOA/nAh6b6EH0wCEoK0/mPeXU6c3wKDV83MkOuHPRHtSXKKU99IBazS/2w==",
      "license": "0BSD"
    }
  }
}
